Microsoft Visual Studio Solution File, Format Version 12.00
# Visual Studio Version 17
VisualStudioVersion = 17.0.31903.59
MinimumVisualStudioVersion = 10.0.40219.1
Project("{FAE04EC0-301F-11D3-BF4B-00C04F79EFBC}") = "Medo.Uuid7-net60", "Medo.Uuid7-net60.csproj", "{0662AD58-E42E-48D5-B989-5D35FE31DF02}"
EndProject
Project("{FAE04EC0-301F-11D3-BF4B-00C04F79EFBC}") = "Medo.Uuid7.Tests-net60", "..\tests\Medo.Uuid7.Tests-net60.csproj", "{8A4C0D9B-4C10-49BE-BB39-1592E9F7E2C9}"
EndProject
Project("{FAE04EC0-301F-11D3-BF4B-00C04F79EFBC}") = "Uuid7Benchmark-net60", "..\examples\Uuid7Benchmark\Uuid7Benchmark-net60.csproj", "{DD91A829-51D1-4B4A-86F9-D2BB3A51C69F}"
EndProject
Project("{FAE04EC0-301F-11D3-BF4B-00C04F79EFBC}") = "Uuid7Generator-net60", "..\examples\Uuid7Generator\Uuid7Generator-net60.csproj", "{0082B425-7EF8-485C-A95E-A594AAC5FA88}"
EndProject
Project("{2150E333-8FDC-42A3-9474-1A3956D46DE8}") = "Examples", "Examples", "{D93CFAF1-72D0-4176-BB4B-C2B551D89FF6}"
EndProject
Project("{2150E333-8FDC-42A3-9474-1A3956D46DE8}") = "Tests", "Tests", "{5A42332E-CC07-4800-A65A-79ABA3149DDA}"
EndProject
Global
	GlobalSection(SolutionConfigurationPlatforms) = preSolution
		Debug|Any CPU = Debug|Any CPU
		Release|Any CPU = Release|Any CPU
	EndGlobalSection
	GlobalSection(SolutionProperties) = preSolution
		HideSolutionNode = FALSE
	EndGlobalSection
	GlobalSection(ProjectConfigurationPlatforms) = postSolution
		{0662AD58-E42E-48D5-B989-5D35FE31DF02}.Debug|Any CPU.ActiveCfg = Debug|Any CPU
		{0662AD58-E42E-48D5-B989-5D35FE31DF02}.Debug|Any CPU.Build.0 = Debug|Any CPU
		{0662AD58-E42E-48D5-B989-5D35FE31DF02}.Release|Any CPU.ActiveCfg = Release|Any CPU
		{0662AD58-E42E-48D5-B989-5D35FE31DF02}.Release|Any CPU.Build.0 = Release|Any CPU
		{8A4C0D9B-4C10-49BE-BB39-1592E9F7E2C9}.Debug|Any CPU.ActiveCfg = Debug|Any CPU
		{8A4C0D9B-4C10-49BE-BB39-1592E9F7E2C9}.Debug|Any CPU.Build.0 = Debug|Any CPU
		{8A4C0D9B-4C10-49BE-BB39-1592E9F7E2C9}.Release|Any CPU.ActiveCfg = Release|Any CPU
		{8A4C0D9B-4C10-49BE-BB39-1592E9F7E2C9}.Release|Any CPU.Build.0 = Release|Any CPU
		{DD91A829-51D1-4B4A-86F9-D2BB3A51C69F}.Debug|Any CPU.ActiveCfg = Debug|Any CPU
		{DD91A829-51D1-4B4A-86F9-D2BB3A51C69F}.Debug|Any CPU.Build.0 = Debug|Any CPU
		{DD91A829-51D1-4B4A-86F9-D2BB3A51C69F}.Release|Any CPU.ActiveCfg = Release|Any CPU
		{DD91A829-51D1-4B4A-86F9-D2BB3A51C69F}.Release|Any CPU.Build.0 = Release|Any CPU
		{0082B425-7EF8-485C-A95E-A594AAC5FA88}.Debug|Any CPU.ActiveCfg = Debug|Any CPU
		{0082B425-7EF8-485C-A95E-A594AAC5FA88}.Debug|Any CPU.Build.0 = Debug|Any CPU
		{0082B425-7EF8-485C-A95E-A594AAC5FA88}.Release|Any CPU.ActiveCfg = Release|Any CPU
		{0082B425-7EF8-485C-A95E-A594AAC5FA88}.Release|Any CPU.Build.0 = Release|Any CPU
	EndGlobalSection
	GlobalSection(NestedProjects) = preSolution
		{8A4C0D9B-4C10-49BE-BB39-1592E9F7E2C9} = {5A42332E-CC07-4800-A65A-79ABA3149DDA}
		{DD91A829-51D1-4B4A-86F9-D2BB3A51C69F} = {D93CFAF1-72D0-4176-BB4B-C2B551D89FF6}
		{0082B425-7EF8-485C-A95E-A594AAC5FA88} = {D93CFAF1-72D0-4176-BB4B-C2B551D89FF6}
	EndGlobalSection
EndGlobal
